// !$*UTF8*$!
{
	archiveVersion = 1;
	classes = {
	};
	objectVersion = 55;
	objects = {

/* Begin PBXBuildFile section */
		81561BB5289D4DCA008F5BC8 /* AppDelegate.swift in Sources */ = {isa = PBXBuildFile; fileRef = 81561BB4289D4DCA008F5BC8 /* AppDelegate.swift */; };
		81561BB7289D4DCA008F5BC8 /* SceneDelegate.swift in Sources */ = {isa = PBXBuildFile; fileRef = 81561BB6289D4DCA008F5BC8 /* SceneDelegate.swift */; };
		81561BB9289D4DCA008F5BC8 /* MapsViewController.swift in Sources */ = {isa = PBXBuildFile; fileRef = 81561BB8289D4DCA008F5BC8 /* MapsViewController.swift */; };
		81561BBC289D4DCA008F5BC8 /* Main.storyboard in Resources */ = {isa = PBXBuildFile; fileRef = 81561BBA289D4DCA008F5BC8 /* Main.storyboard */; };
		81561BBF289D4DCA008F5BC8 /* HaritalarUygulamasi.xcdatamodeld in Sources */ = {isa = PBXBuildFile; fileRef = 81561BBD289D4DCA008F5BC8 /* HaritalarUygulamasi.xcdatamodeld */; };
		81561BC1289D4DCD008F5BC8 /* Assets.xcassets in Resources */ = {isa = PBXBuildFile; fileRef = 81561BC0289D4DCD008F5BC8 /* Assets.xcassets */; };
		81561BC4289D4DCD008F5BC8 /* LaunchScreen.storyboard in Resources */ = {isa = PBXBuildFile; fileRef = 81561BC2289D4DCD008F5BC8 /* LaunchScreen.storyboard */; };
		81755B69289E635D00ED3DF7 /* ListViewController.swift in Sources */ = {isa = PBXBuildFile; fileRef = 81755B68289E635D00ED3DF7 /* ListViewController.swift */; };
/* End PBXBuildFile section */

/* Begin PBXFileReference section */
		81561BB1289D4DCA008F5BC8 /* HaritalarUygulamasi.app */ = {isa = PBXFileReference; explicitFileType = wrapper.application; includeInIndex = 0; path = HaritalarUygulamasi.app; sourceTree = BUILT_PRODUCTS_DIR; };
		81561BB4289D4DCA008F5BC8 /* AppDelegate.swift */ = {isa = PBXFileReference; lastKnownFileType = sourcecode.swift; path = AppDelegate.swift; sourceTree = "<group>"; };
		81561BB6289D4DCA008F5BC8 /* SceneDelegate.swift */ = {isa = PBXFileReference; lastKnownFileType = sourcecode.swift; path = SceneDelegate.swift; sourceTree = "<group>"; };
		81561BB8289D4DCA008F5BC8 /* MapsViewController.swift */ = {isa = PBXFileReference; lastKnownFileType = sourcecode.swift; path = MapsViewController.swift; sourceTree = "<group>"; };
		81561BBB289D4DCA008F5BC8 /* Base */ = {isa = PBXFileReference; lastKnownFileType = file.storyboard; name = Base; path = Base.lproj/Main.storyboard; sourceTree = "<group>"; };
		81561BBE289D4DCA008F5BC8 /* HaritalarUygulamasi.xcdatamodel */ = {isa = PBXFileReference; lastKnownFileType = wrapper.xcdatamodel; path = HaritalarUygulamasi.xcdatamodel; sourceTree = "<group>"; };
		81561BC0289D4DCD008F5BC8 /* Assets.xcassets */ = {isa = PBXFileReference; lastKnownFileType = folder.assetcatalog; path = Assets.xcassets; sourceTree = "<group>"; };
		81561BC3289D4DCD008F5BC8 /* Base */ = {isa = PBXFileReference; lastKnownFileType = file.storyboard; name = Base; path = Base.lproj/LaunchScreen.storyboard; sourceTree = "<group>"; };
		81561BC5289D4DCD008F5BC8 /* Info.plist */ = {isa = PBXFileReference; lastKnownFileType = text.plist.xml; path = Info.plist; sourceTree = "<group>"; };
		81755B68289E635D00ED3DF7 /* ListViewController.swift */ = {isa = PBXFileReference; lastKnownFileType = sourcecode.swift; path = ListViewController.swift; sourceTree = "<group>"; };
/* End PBXFileReference section */

/* Begin PBXFrameworksBuildPhase section */
		81561BAE289D4DCA008F5BC8 /* Frameworks */ = {
			isa = PBXFrameworksBuildPhase;
			buildActionMask = 2147483647;
			files = (
			);
			runOnlyForDeploymentPostprocessing = 0;
		};
/* End PBXFrameworksBuildPhase section */

/* Begin PBXGroup section */
		81561BA8289D4DCA008F5BC8 = {
			isa = PBXGroup;
			children = (
				81561BB3289D4DCA008F5BC8 /* HaritalarUygulamasi */,
				81561BB2289D4DCA008F5BC8 /* Products */,
			);
			sourceTree = "<group>";
		};
		81561BB2289D4DCA008F5BC8 /* Products */ = {
			isa = PBXGroup;
			children = (
				81561BB1289D4DCA008F5BC8 /* HaritalarUygulamasi.app */,
			);
			name = Products;
			sourceTree = "<group>";
		};
		81561BB3289D4DCA008F5BC8 /* HaritalarUygulamasi */ = {
			isa = PBXGroup;
			children = (
				81561BB4289D4DCA008F5BC8 /* AppDelegate.swift */,
				81561BB6289D4DCA008F5BC8 /* SceneDelegate.swift */,
				81755B68289E635D00ED3DF7 /* ListViewController.swift */,
				81561BB8289D4DCA008F5BC8 /* MapsViewController.swift */,
				81561BBA289D4DCA008F5BC8 /* Main.storyboard */,
				81561BC0289D4DCD008F5BC8 /* Assets.xcassets */,
				81561BC2289D4DCD008F5BC8 /* LaunchScreen.storyboard */,
				81561BC5289D4DCD008F5BC8 /* Info.plist */,
				81561BBD289D4DCA008F5BC8 /* HaritalarUygulamasi.xcdatamodeld */,
			);
			path = HaritalarUygulamasi;
			sourceTree = "<group>";
		};
/* End PBXGroup section */

/* Begin PBXNativeTarget section */
		81561BB0289D4DCA008F5BC8 /* HaritalarUygulamasi */ = {
			isa = PBXNativeTarget;
			buildConfigurationList = 81561BC8289D4DCD008F5BC8 /* Build configuration list for PBXNativeTarget "HaritalarUygulamasi" */;
			buildPhases = (
				81561BAD289D4DCA008F5BC8 /* Sources */,
				81561BAE289D4DCA008F5BC8 /* Frameworks */,
				81561BAF289D4DCA008F5BC8 /* Resources */,
			);
			buildRules = (
			);
			dependencies = (
			);
			name = HaritalarUygulamasi;
			productName = HaritalarUygulamasi;
			productReference = 81561BB1289D4DCA008F5BC8 /* HaritalarUygulamasi.app */;
			productType = "com.apple.product-type.application";
		};
/* End PBXNativeTarget section */

/* Begin PBXProject section */
		81561BA9289D4DCA008F5BC8 /* Project object */ = {
			isa = PBXProject;
			attributes = {
				BuildIndependentTargetsInParallel = 1;
				LastSwiftUpdateCheck = 1340;
				LastUpgradeCheck = 1340;
				TargetAttributes = {
					81561BB0289D4DCA008F5BC8 = {
						CreatedOnToolsVersion = 13.4.1;
					};
				};
			};
			buildConfigurationList = 81561BAC289D4DCA008F5BC8 /* Build configuration list for PBXProject "HaritalarUygulamasi" */;
			compatibilityVersion = "Xcode 13.0";
			developmentRegion = en;
			hasScannedForEncodings = 0;
			knownRegions = (
				en,
				Base,
			);
			mainGroup = 81561BA8289D4DCA008F5BC8;
			productRefGroup = 81561BB2289D4DCA008F5BC8 /* Products */;
			projectDirPath = "";
			projectRoot = "";
			targets = (
				81561BB0289D4DCA008F5BC8 /* HaritalarUygulamasi */,
			);
		};
/* End PBXProject section */

/* Begin PBXResourcesBuildPhase section */
		81561BAF289D4DCA008F5BC8 /* Resources */ = {
			isa = PBXResourcesBuildPhase;
			buildActionMask = 2147483647;
			files = (
				81561BC4289D4DCD008F5BC8 /* LaunchScreen.storyboard in Resources */,
				81561BC1289D4DCD008F5BC8 /* Assets.xcassets in Resources */,
				81561BBC289D4DCA008F5BC8 /* Main.storyboard in Resources */,
			);
			runOnlyForDeploymentPostprocessing = 0;
		};
/* End PBXResourcesBuildPhase section */

/* Begin PBXSourcesBuildPhase section */
		81561BAD289D4DCA008F5BC8 /* Sources */ = {
			isa = PBXSourcesBuildPhase;
			buildActionMask = 2147483647;
			files = (
				81561BB9289D4DCA008F5BC8 /* MapsViewController.swift in Sources */,
				81561BB5289D4DCA008F5BC8 /* AppDelegate.swift in Sources */,
				81561BBF289D4DCA008F5BC8 /* HaritalarUygulamasi.xcdatamodeld in Sources */,
				81755B69289E635D00ED3DF7 /* ListViewController.swift in Sources */,
				81561BB7289D4DCA008F5BC8 /* SceneDelegate.swift in Sources */,
			);
			runOnlyForDeploymentPostprocessing = 0;
		};
/* End PBXSourcesBuildPhase section */

/* Begin PBXVariantGroup section */
		81561BBA289D4DCA008F5BC8 /* Main.storyboard */ = {
			isa = PBXVariantGroup;
			children = (
				81561BBB289D4DCA008F5BC8 /* Base */,
			);
			name = Main.storyboard;
			sourceTree = "<group>";
		};
		81561BC2289D4DCD008F5BC8 /* LaunchScreen.storyboard */ = {
			isa = PBXVariantGroup;
			children = (
				81561BC3289D4DCD008F5BC8 /* Base */,
			);
			name = LaunchScreen.storyboard;
			sourceTree = "<group>";
		};
/* End PBXVariantGroup section */

/* Begin XCBuildConfiguration section */
		81561BC6289D4DCD008F5BC8 /* Debug */ = {
			isa = XCBuildConfiguration;
			buildSettings = {
				ALWAYS_SEARCH_USER_PATHS = NO;
				CLANG_ANALYZER_NONNULL = YES;
				CLANG_ANALYZER_NUMBER_OBJECT_CONVERSION = YES_AGGRESSIVE;
				CLANG_CXX_LANGUAGE_STANDARD = "gnu++17";
				CLANG_ENABLE_MODULES = YES;
				CLANG_ENABLE_OBJC_ARC = YES;
				CLANG_ENABLE_OBJC_WEAK = YES;
				CLANG_WARN_BLOCK_CAPTURE_AUTORELEASING = YES;
				CLANG_WARN_BOOL_CONVERSION = YES;
				CLANG_WARN_COMMA = YES;
				CLANG_WARN_CONSTANT_CONVERSION = YES;
				CLANG_WARN_DEPRECATED_OBJC_IMPLEMENTATIONS = YES;
				CLANG_WARN_DIRECT_OBJC_ISA_USAGE = YES_ERROR;
				CLANG_WARN_DOCUMENTATION_COMMENTS = YES;
				CLANG_WARN_EMPTY_BODY = YES;
				CLANG_WARN_ENUM_CONVERSION = YES;
				CLANG_WARN_INFINITE_RECURSION = YES;
				CLANG_WARN_INT_CONVERSION = YES;
				CLANG_WARN_NON_LITERAL_NULL_CONVERSION = YES;
				CLANG_WARN_OBJC_IMPLICIT_RETAIN_SELF = YES;
				CLANG_WARN_OBJC_LITERAL_CONVERSION = YES;
				CLANG_WARN_OBJC_ROOT_CLASS = YES_ERROR;
				CLANG_WARN_QUOTED_INCLUDE_IN_FRAMEWORK_HEADER = YES;
				CLANG_WARN_RANGE_LOOP_ANALYSIS = YES;
				CLANG_WARN_STRICT_PROTOTYPES = YES;
				CLANG_WARN_SUSPICIOUS_MOVE = YES;
				CLANG_WARN_UNGUARDED_AVAILABILITY = YES_AGGRESSIVE;
				CLANG_WARN_UNREACHABLE_CODE = YES;
				CLANG_WARN__DUPLICATE_METHOD_MATCH = YES;
				COPY_PHASE_STRIP = NO;
				DEBUG_INFORMATION_FORMAT = dwarf;
				ENABLE_STRICT_OBJC_MSGSEND = YES;
				ENABLE_TESTABILITY = YES;
				GCC_C_LANGUAGE_STANDARD = gnu11;
				GCC_DYNAMIC_NO_PIC = NO;
				GCC_NO_COMMON_BLOCKS = YES;
				GCC_OPTIMIZATION_LEVEL = 0;
				GCC_PREPROCESSOR_DEFINITIONS = (
					"DEBUG=1",
					"$(inherited)",
				);
				GCC_WARN_64_TO_32_BIT_CONVERSION = YES;
				GCC_WARN_ABOUT_RETURN_TYPE = YES_ERROR;
				GCC_WARN_UNDECLARED_SELECTOR = YES;
				GCC_WARN_UNINITIALIZED_AUTOS = YES_AGGRESSIVE;
				GCC_WARN_UNUSED_FUNCTION = YES;
				GCC_WARN_UNUSED_VARIABLE = YES;
				IPHONEOS_DEPLOYMENT_TARGET = 15.5;
				MTL_ENABLE_DEBUG_INFO = INCLUDE_SOURCE;
				MTL_FAST_MATH = YES;
				ONLY_ACTIVE_ARCH = YES;
				SDKROOT = iphoneos;
				SWIFT_ACTIVE_COMPILATION_CONDITIONS = DEBUG;
				SWIFT_OPTIMIZATION_LEVEL = "-Onone";
			};
			name = Debug;
		};
		81561BC7289D4DCD008F5BC8 /* Release */ = {
			isa = XCBuildConfiguration;
			buildSettings = {
				ALWAYS_SEARCH_USER_PATHS = NO;
				CLANG_ANALYZER_NONNULL = YES;
				CLANG_ANALYZER_NUMBER_OBJECT_CONVERSION = YES_AGGRESSIVE;
				CLANG_CXX_LANGUAGE_STANDARD = "gnu++17";
				CLANG_ENABLE_MODULES = YES;
				CLANG_ENABLE_OBJC_ARC = YES;
				CLANG_ENABLE_OBJC_WEAK = YES;
				CLANG_WARN_BLOCK_CAPTURE_AUTORELEASING = YES;
				CLANG_WARN_BOOL_CONVERSION = YES;
				CLANG_WARN_COMMA = YES;
				CLANG_WARN_CONSTANT_CONVERSION = YES;
				CLANG_WARN_DEPRECATED_OBJC_IMPLEMENTATIONS = YES;
				CLANG_WARN_DIRECT_OBJC_ISA_USAGE = YES_ERROR;
				CLANG_WARN_DOCUMENTATION_COMMENTS = YES;
				CLANG_WARN_EMPTY_BODY = YES;
				CLANG_WARN_ENUM_CONVERSION = YES;
				CLANG_WARN_INFINITE_RECURSION = YES;
				CLANG_WARN_INT_CONVERSION = YES;
				CLANG_WARN_NON_LITERAL_NULL_CONVERSION = YES;
				CLANG_WARN_OBJC_IMPLICIT_RETAIN_SELF = YES;
				CLANG_WARN_OBJC_LITERAL_CONVERSION = YES;
				CLANG_WARN_OBJC_ROOT_CLASS = YES_ERROR;
				CLANG_WARN_QUOTED_INCLUDE_IN_FRAMEWORK_HEADER = YES;
				CLANG_WARN_RANGE_LOOP_ANALYSIS = YES;
				CLANG_WARN_STRICT_PROTOTYPES = YES;
				CLANG_WARN_SUSPICIOUS_MOVE = YES;
				CLANG_WARN_UNGUARDED_AVAILABILITY = YES_AGGRESSIVE;
				CLANG_WARN_UNREACHABLE_CODE = YES;
				CLANG_WARN__DUPLICATE_METHOD_MATCH = YES;
				COPY_PHASE_STRIP = NO;
				DEBUG_INFORMATION_FORMAT = "dwarf-with-dsym";
				ENABLE_NS_ASSERTIONS = NO;
				ENABLE_STRICT_OBJC_MSGSEND = YES;
				GCC_C_LANGUAGE_STANDARD = gnu11;
				GCC_NO_COMMON_BLOCKS = YES;
				GCC_WARN_64_TO_32_BIT_CONVERSION = YES;
				GCC_WARN_ABOUT_RETURN_TYPE = YES_ERROR;
				GCC_WARN_UNDECLARED_SELECTOR = YES;
				GCC_WARN_UNINITIALIZED_AUTOS = YES_AGGRESSIVE;
				GCC_WARN_UNUSED_FUNCTION = YES;
				GCC_WARN_UNUSED_VARIABLE = YES;
				IPHONEOS_DEPLOYMENT_TARGET = 15.5;
				MTL_ENABLE_DEBUG_INFO = NO;
				MTL_FAST_MATH = YES;
				SDKROOT = iphoneos;
				SWIFT_COMPILATION_MODE = wholemodule;
				SWIFT_OPTIMIZATION_LEVEL = "-O";
				VALIDATE_PRODUCT = YES;
			};
			name = Release;
		};
		81561BC9289D4DCD008F5BC8 /* Debug */ = {
			isa = XCBuildConfiguration;
			buildSettings = {
				ASSETCATALOG_COMPILER_APPICON_NAME = AppIcon;
				ASSETCATALOG_COMPILER_GLOBAL_ACCENT_COLOR_NAME = AccentColor;
				CODE_SIGN_STYLE = Automatic;
				CURRENT_PROJECT_VERSION = 1;
				DEVELOPMENT_TEAM = 7MUJAHA8RW;
				GENERATE_INFOPLIST_FILE = YES;
				INFOPLIST_FILE = HaritalarUygulamasi/Info.plist;
				INFOPLIST_KEY_UIApplicationSupportsIndirectInputEvents = YES;
				INFOPLIST_KEY_UILaunchStoryboardName = LaunchScreen;
				INFOPLIST_KEY_UIMainStoryboardFile = Main;
				INFOPLIST_KEY_UISupportedInterfaceOrientations_iPad = "UIInterfaceOrientationPortrait UIInterfaceOrientationPortraitUpsideDown UIInterfaceOrientationLandscapeLeft UIInterfaceOrientationLandscapeRight";
				INFOPLIST_KEY_UISupportedInterfaceOrientations_iPhone = "UIInterfaceOrientationPortrait UIInterfaceOrientationLandscapeLeft UIInterfaceOrientationLandscapeRight";
				LD_RUNPATH_SEARCH_PATHS = (
					"$(inherited)",
					"@executable_path/Frameworks",
				);
				MARKETING_VERSION = 1.0;
				PRODUCT_BUNDLE_IDENTIFIER = com.cengizhantomak.HaritalarUygulamasi;
				PRODUCT_NAME = "$(TARGET_NAME)";
				SWIFT_EMIT_LOC_STRINGS = YES;
				SWIFT_VERSION = 5.0;
				TARGETED_DEVICE_FAMILY = "1,2";
			};
			name = Debug;
		};
		81561BCA289D4DCD008F5BC8 /* Release */ = {
			isa = XCBuildConfiguration;
			buildSettings = {
				ASSETCATALOG_COMPILER_APPICON_NAME = AppIcon;
				ASSETCATALOG_COMPILER_GLOBAL_ACCENT_COLOR_NAME = AccentColor;
				CODE_SIGN_STYLE = Automatic;
				CURRENT_PROJECT_VERSION = 1;
				DEVELOPMENT_TEAM = 7MUJAHA8RW;
				GENERATE_INFOPLIST_FILE = YES;
				INFOPLIST_FILE = HaritalarUygulamasi/Info.plist;
				INFOPLIST_KEY_UIApplicationSupportsIndirectInputEvents = YES;
				INFOPLIST_KEY_UILaunchStoryboardName = LaunchScreen;
				INFOPLIST_KEY_UIMainStoryboardFile = Main;
				INFOPLIST_KEY_UISupportedInterfaceOrientations_iPad = "UIInterfaceOrientationPortrait UIInterfaceOrientationPortraitUpsideDown UIInterfaceOrientationLandscapeLeft UIInterfaceOrientationLandscapeRight";
				INFOPLIST_KEY_UISupportedInterfaceOrientations_iPhone = "UIInterfaceOrientationPortrait UIInterfaceOrientationLandscapeLeft UIInterfaceOrientationLandscapeRight";
				LD_RUNPATH_SEARCH_PATHS = (
					"$(inherited)",
					"@executable_path/Frameworks",
				);
				MARKETING_VERSION = 1.0;
				PRODUCT_BUNDLE_IDENTIFIER = com.cengizhantomak.HaritalarUygulamasi;
				PRODUCT_NAME = "$(TARGET_NAME)";
				SWIFT_EMIT_LOC_STRINGS = YES;
				SWIFT_VERSION = 5.0;
				TARGETED_DEVICE_FAMILY = "1,2";
			};
			name = Release;
		};
/* End XCBuildConfiguration section */

/* Begin XCConfigurationList section */
		81561BAC289D4DCA008F5BC8 /* Build configuration list for PBXProject "HaritalarUygulamasi" */ = {
			isa = XCConfigurationList;
			buildConfigurations = (
				81561BC6289D4DCD008F5BC8 /* Debug */,
				81561BC7289D4DCD008F5BC8 /* Release */,
			);
			defaultConfigurationIsVisible = 0;
			defaultConfigurationName = Release;
		};
		81561BC8289D4DCD008F5BC8 /* Build configuration list for PBXNativeTarget "HaritalarUygulamasi" */ = {
			isa = XCConfigurationList;
			buildConfigurations = (
				81561BC9289D4DCD008F5BC8 /* Debug */,
				81561BCA289D4DCD008F5BC8 /* Release */,
			);
			defaultConfigurationIsVisible = 0;
			defaultConfigurationName = Release;
		};
/* End XCConfigurationList section */

/* Begin XCVersionGroup section */
		81561BBD289D4DCA008F5BC8 /* HaritalarUygulamasi.xcdatamodeld */ = {
			isa = XCVersionGroup;
			children = (
				81561BBE289D4DCA008F5BC8 /* HaritalarUygulamasi.xcdatamodel */,
			);
			currentVersion = 81561BBE289D4DCA008F5BC8 /* HaritalarUygulamasi.xcdatamodel */;
			path = HaritalarUygulamasi.xcdatamodeld;
			sourceTree = "<group>";
			versionGroupType = wrapper.xcdatamodel;
		};
/* End XCVersionGroup section */
	};
	rootObject = 81561BA9289D4DCA008F5BC8 /* Project object */;
}
